{
  "originHash" : "124952caca907121bcd656a200f032566b3fd4023e1abdf6d3d6c3c15e01f0de",
  "pins" : [
    {
      "identity" : "swift-log",
      "kind" : "remoteSourceControl",
      "location" : "https://github.com/apple/swift-log.git",
      "state" : {
        "revision" : "32e8d724467f8fe623624570367e3d50c5638e46",
        "version" : "1.5.2"
      }
    },
    {
      "identity" : "yyjson",
      "kind" : "remoteSourceControl",
      "location" : "https://github.com/ibireme/yyjson.git",
      "state" : {
        "revision" : "484aefbfd34656cdcdcec3052b4241e13c2616ef",
        "version" : "0.11.0"
      }
    }
  ],
  "version" : 3
}
